
Microsoft Visual Studio Solution File, Format Version 12.00
# Visual Studio Version 17
VisualStudioVersion = 17.10.35013.160
MinimumVisualStudioVersion = 10.0.40219.1
Project("{FAE04EC0-301F-11D3-BF4B-00C04F79EFBC}") = "ContactManagerApp", "ContactManagerApp.csproj", "{F8630EFC-09B2-47CD-BAAD-D9405F9747C4}"
EndProject
Global
	GlobalSection(SolutionConfigurationPlatforms) = preSolution
		Debug|Any CPU = Debug|Any CPU
		Release|Any CPU = Release|Any CPU
	EndGlobalSection
	GlobalSection(ProjectConfigurationPlatforms) = postSolution
		{F8630EFC-09B2-47CD-BAAD-D9405F9747C4}.Debug|Any CPU.ActiveCfg = Debug|Any CPU
		{F8630EFC-09B2-47CD-BAAD-D9405F9747C4}.Debug|Any CPU.Build.0 = Debug|Any CPU
		{F8630EFC-09B2-47CD-BAAD-D9405F9747C4}.Release|Any CPU.ActiveCfg = Release|Any CPU
		{F8630EFC-09B2-47CD-BAAD-D9405F9747C4}.Release|Any CPU.Build.0 = Release|Any CPU
	EndGlobalSection
	GlobalSection(SolutionProperties) = preSolution
		HideSolutionNode = FALSE
	EndGlobalSection
	GlobalSection(ExtensibilityGlobals) = postSolution
		SolutionGuid = {8E3A9D51-FF64-4CF5-B707-15B3ED4B3903}
	EndGlobalSection
EndGlobal
